
Microsoft Visual Studio Solution File, Format Version 12.00
# Visual Studio Version 17
VisualStudioVersion = 17.9.34728.123
MinimumVisualStudioVersion = 10.0.40219.1
Project("{9A19103F-16F7-4668-BE54-9A1E7A4F7556}") = "XGame", "XGame_Zozulia\XGame.csproj", "{C5C31153-1614-4339-A6DC-9512E74A5F93}"
EndProject
Global
	GlobalSection(SolutionConfigurationPlatforms) = preSolution
		Debug|Any CPU = Debug|Any CPU
		Release|Any CPU = Release|Any CPU
	EndGlobalSection
	GlobalSection(ProjectConfigurationPlatforms) = postSolution
		{C5C31153-1614-4339-A6DC-9512E74A5F93}.Debug|Any CPU.ActiveCfg = Debug|Any CPU
		{C5C31153-1614-4339-A6DC-9512E74A5F93}.Debug|Any CPU.Build.0 = Debug|Any CPU
		{C5C31153-1614-4339-A6DC-9512E74A5F93}.Release|Any CPU.ActiveCfg = Release|Any CPU
		{C5C31153-1614-4339-A6DC-9512E74A5F93}.Release|Any CPU.Build.0 = Release|Any CPU
	EndGlobalSection
	GlobalSection(SolutionProperties) = preSolution
		HideSolutionNode = FALSE
	EndGlobalSection
	GlobalSection(ExtensibilityGlobals) = postSolution
		SolutionGuid = {1EAB7C46-1CC7-477A-98B8-E67971278A26}
	EndGlobalSection
EndGlobal
